
Microsoft Visual Studio Solution File, Format Version 12.00
# Visual Studio Version 16
VisualStudioVersion = 16.0.31911.196
MinimumVisualStudioVersion = 10.0.40219.1
Project("{FAE04EC0-301F-11D3-BF4B-00C04F79EFBC}") = "Benford's law", "Benford's law\Benford's law.csproj", "{78D5B0CD-0786-4A9F-B53D-9EE65262051E}"
EndProject
Global
	GlobalSection(SolutionConfigurationPlatforms) = preSolution
		Debug|Any CPU = Debug|Any CPU
		Release|Any CPU = Release|Any CPU
	EndGlobalSection
	GlobalSection(ProjectConfigurationPlatforms) = postSolution
		{78D5B0CD-0786-4A9F-B53D-9EE65262051E}.Debug|Any CPU.ActiveCfg = Debug|Any CPU
		{78D5B0CD-0786-4A9F-B53D-9EE65262051E}.Debug|Any CPU.Build.0 = Debug|Any CPU
		{78D5B0CD-0786-4A9F-B53D-9EE65262051E}.Release|Any CPU.ActiveCfg = Release|Any CPU
		{78D5B0CD-0786-4A9F-B53D-9EE65262051E}.Release|Any CPU.Build.0 = Release|Any CPU
	EndGlobalSection
	GlobalSection(SolutionProperties) = preSolution
		HideSolutionNode = FALSE
	EndGlobalSection
	GlobalSection(ExtensibilityGlobals) = postSolution
		SolutionGuid = {88C4CD9B-C721-416F-8EB4-3CE69E15E27A}
	EndGlobalSection
EndGlobal
